{
  "name": "chrome",
  "version": "1.0.0",
  "lockfileVersion": 1,
  "requires": true,
  "dependencies": {
    "@types/lodash": {
      "version": "4.14.129",
      "resolved": "https://registry.npmjs.org/@types/lodash/-/lodash-4.14.129.tgz",
      "integrity": "sha512-oYaV0eSlnOacOr7i4X1FFdH8ttSlb57gu3I9MuStIv2CYkISEY84dNHYsC3bF6sNH7qYcu1BtVrCtQ8Q4KPTfQ=="
    },
    "@types/long": {
      "version": "4.0.0",
      "resolved": "https://registry.npmjs.org/@types/long/-/long-4.0.0.tgz",
      "integrity": "sha512-1w52Nyx4Gq47uuu0EVcsHBxZFJgurQ+rTKS3qMHxR1GY2T8c2AJYd6vZoZ9q1rupaDjU0yT+Jc2XTyXkjeMA+Q=="
    },
    "@types/node": {
      "version": "9.6.48",
      "resolved": "https://registry.npmjs.org/@types/node/-/node-9.6.48.tgz",
      "integrity": "sha512-velR2CyDrHC1WFheHr5Jm25mdCMs0BXJRp6u0zf8PF9yeOy4Xff5sJeusWS7xOmhAoezlSq8LJ0+9M5H7YkTdw=="
    },
    "agent-base": {
      "version": "4.2.1",
      "resolved": "https://registry.npmjs.org/agent-base/-/agent-base-4.2.1.tgz",
      "integrity": "sha512-JVwXMr9nHYTUXsBFKUqhJwvlcYU/blreOEUkhNR2eXZIvwd+c+o5V4MgDPKWnMS/56awN3TRzIP+KoPn+roQtg==",
      "requires": {
        "es6-promisify": "^5.0.0"
      }
    },
    "atob": {
      "version": "2.1.2",
      "resolved": "https://registry.npmjs.org/atob/-/atob-2.1.2.tgz",
      "integrity": "sha512-Wm6ukoaOGJi/73p/cl2GvLjTI5JM1k/O14isD73YML8StrH/7/lRFgmg8nICZgD3bZZvjwCGxtMOD3wWNAu8cg=="
    },
    "base64-js": {
      "version": "1.3.0",
      "resolved": "https://registry.npmjs.org/base64-js/-/base64-js-1.3.0.tgz",
      "integrity": "sha512-ccav/yGvoa80BQDljCxsmmQ3Xvx60/UpBIij5QN21W3wBi/hhIC9OoO+KLpu9IJTS9j4DRVJ3aDDF9cMSoa2lw=="
    },
    "blakejs": {
      "version": "1.1.0",
      "resolved": "https://registry.npmjs.org/blakejs/-/blakejs-1.1.0.tgz",
      "integrity": "sha1-ad+S75U6qIylGjLfarHFShVfx6U="
    },
    "btoa": {
      "version": "1.2.1",
      "resolved": "https://registry.npmjs.org/btoa/-/btoa-1.2.1.tgz",
      "integrity": "sha512-SB4/MIGlsiVkMcHmT+pSmIPoNDoHg+7cMzmt3Uxt628MTz2487DKSqK/fuhFBrkuqrYv5UCEnACpF4dTFNKc/g=="
    },
    "buffer": {
      "version": "5.2.1",
      "resolved": "https://registry.npmjs.org/buffer/-/buffer-5.2.1.tgz",
      "integrity": "sha512-c+Ko0loDaFfuPWiL02ls9Xd3GO3cPVmUobQ6t3rXNUk304u6hGq+8N/kFi+QEIKhzK3uwolVhLzszmfLmMLnqg==",
      "requires": {
        "base64-js": "^1.0.2",
        "ieee754": "^1.1.4"
      }
    },
    "core-js": {
      "version": "2.6.5",
      "resolved": "https://registry.npmjs.org/core-js/-/core-js-2.6.5.tgz",
      "integrity": "sha512-klh/kDpwX8hryYL14M9w/xei6vrv6sE8gTHDG7/T/+SEovB/G4ejwcfE/CBzO6Edsu+OETZMZ3wcX/EjUkrl5A=="
    },
    "debug": {
      "version": "3.2.6",
      "resolved": "https://registry.npmjs.org/debug/-/debug-3.2.6.tgz",
      "integrity": "sha512-mel+jf7nrtEl5Pn1Qx46zARXKDpBbvzezse7p7LqINmdoIk8PYP5SySaxEmYv6TZ0JyEKA1hsCId6DIhgITtWQ==",
      "requires": {
        "ms": "^2.1.1"
      }
    },
    "detect-node": {
      "version": "2.0.4",
      "resolved": "https://registry.npmjs.org/detect-node/-/detect-node-2.0.4.tgz",
      "integrity": "sha512-ZIzRpLJrOj7jjP2miAtgqIfmzbxa4ZOr5jJc601zklsfEx9oTzmmj2nVpIPRpNlRTIh8lc1kyViIY7BWSGNmKw=="
    },
    "es6-promise": {
      "version": "4.2.6",
      "resolved": "https://registry.npmjs.org/es6-promise/-/es6-promise-4.2.6.tgz",
      "integrity": "sha512-aRVgGdnmW2OiySVPUC9e6m+plolMAJKjZnQlCwNSuK5yQ0JN61DZSO1X1Ufd1foqWRAlig0rhduTCHe7sVtK5Q=="
    },
    "es6-promisify": {
      "version": "5.0.0",
      "resolved": "https://registry.npmjs.org/es6-promisify/-/es6-promisify-5.0.0.tgz",
      "integrity": "sha1-UQnWLz5W6pZ8S2NQWu8IKRyKUgM=",
      "requires": {
        "es6-promise": "^4.0.3"
      }
    },
    "global-request-logger": {
      "version": "git+https://github.com/niutski/global-request-logger.git#8adfeef50a364f6cfaef1cedb018dac07f97d077",
      "from": "git+https://github.com/niutski/global-request-logger.git#upgrade-lodash",
      "requires": {
        "lodash": "^4.17.11"
      }
    },
    "hash-base": {
      "version": "3.0.4",
      "resolved": "https://registry.npmjs.org/hash-base/-/hash-base-3.0.4.tgz",
      "integrity": "sha1-X8hoaEfs1zSZQDMZprCj8/auSRg=",
      "requires": {
        "inherits": "^2.0.1",
        "safe-buffer": "^5.0.1"
      }
    },
    "hoek": {
      "version": "5.0.4",
      "resolved": "https://registry.npmjs.org/hoek/-/hoek-5.0.4.tgz",
      "integrity": "sha512-Alr4ZQgoMlnere5FZJsIyfIjORBqZll5POhDsF4q64dPuJR6rNxXdDxtHSQq8OXRurhmx+PWYEE8bXRROY8h0w=="
    },
    "https-proxy-agent": {
      "version": "2.2.1",
      "resolved": "https://registry.npmjs.org/https-proxy-agent/-/https-proxy-agent-2.2.1.tgz",
      "integrity": "sha512-HPCTS1LW51bcyMYbxUIOO4HEOlQ1/1qRaFWcyxvwaqUS9TY88aoEuHUY33kuAh1YhVVaDQhLZsnPd+XNARWZlQ==",
      "requires": {
        "agent-base": "^4.1.0",
        "debug": "^3.1.0"
      }
    },
    "ieee754": {
      "version": "1.1.13",
      "resolved": "https://registry.npmjs.org/ieee754/-/ieee754-1.1.13.tgz",
      "integrity": "sha512-4vf7I2LYV/HaWerSo3XmlMkp5eZ83i+/CDluXi/IGTs/O1sejBNhTtnxzmRZfvOUqj7lZjqHkeTvpgSFDlWZTg=="
    },
    "inherits": {
      "version": "2.0.3",
      "resolved": "https://registry.npmjs.org/inherits/-/inherits-2.0.3.tgz",
      "integrity": "sha1-Yzwsg+PaQqUC9SRmAiSA9CCCYd4="
    },
    "jquery": {
      "version": "3.4.1",
      "resolved": "https://registry.npmjs.org/jquery/-/jquery-3.4.1.tgz",
      "integrity": "sha512-36+AdBzCL+y6qjw5Tx7HgzeGCzC81MDDgaUP8ld2zhx58HdqXGoBd+tHdrBMiyjGQs0Hxs/MLZTu/eHNJJuWPw=="
    },
    "lodash": {
      "version": "4.17.11",
      "resolved": "https://registry.npmjs.org/lodash/-/lodash-4.17.11.tgz",
      "integrity": "sha512-cQKh8igo5QUhZ7lg38DYWAxMvjSAKG0A8wGSVimP07SIUEK2UO+arSRKbRZWtelMtN5V0Hkwh5ryOto/SshYIg=="
    },
    "long": {
      "version": "4.0.0",
      "resolved": "https://registry.npmjs.org/long/-/long-4.0.0.tgz",
      "integrity": "sha512-XsP+KhQif4bjX1kbuSiySJFNAehNxgLb6hPRGJ9QsUr8ajHkuXGdrHmFUTUUXhDwVX2R5bY4JNZEwbUiMhV+MA=="
    },
    "ms": {
      "version": "2.1.1",
      "resolved": "https://registry.npmjs.org/ms/-/ms-2.1.1.tgz",
      "integrity": "sha512-tgp+dl5cGk28utYktBsrFqA7HKgrhgPsg6Z/EfhWI4gl1Hwq8B/GmY/0oXZ6nF8hDVesS/FpnYaD/kOWhYQvyg=="
    },
    "node-forge": {
      "version": "0.8.4",
      "resolved": "https://registry.npmjs.org/node-forge/-/node-forge-0.8.4.tgz",
      "integrity": "sha512-UOfdpxivIYY4g5tqp5FNRNgROVNxRACUxxJREntJLFaJr1E0UEqFtUIk0F/jYx/E+Y6sVXd0KDi/m5My0yGCVw=="
    },
    "ripemd160": {
      "version": "2.0.2",
      "resolved": "https://registry.npmjs.org/ripemd160/-/ripemd160-2.0.2.tgz",
      "integrity": "sha512-ii4iagi25WusVoiC4B4lq7pbXfAp3D9v5CwfkY33vffw2+pkDjY1D8GaN7spsxvCSx8dkPqOZCEZyfxcmJG2IA==",
      "requires": {
        "hash-base": "^3.0.0",
        "inherits": "^2.0.1"
      }
    },
    "safe-buffer": {
      "version": "5.1.2",
      "resolved": "https://registry.npmjs.org/safe-buffer/-/safe-buffer-5.1.2.tgz",
      "integrity": "sha512-Gd2UZBJDkXlY7GbJxfsE8/nvKkUEU1G38c1siN6QP6a9PT9MmHB8GnpscSmMJSoF8LOIrt8ud/wPtojys4G6+g=="
    },
    "semux-js": {
      "version": "1.4.0",
      "resolved": "https://registry.npmjs.org/semux-js/-/semux-js-1.4.0.tgz",
      "integrity": "sha512-3tM0L4Mkgp2a/DM4LlSv/4l0mNfEoHBPrX2meCKhhi1Mhe4FarcTGxxs8wroU1k7rk1Wkh1HuZZubnRwlkE+LA==",
      "requires": {
        "@types/lodash": "^4.14.123",
        "@types/long": "^4.0.0",
        "@types/node": "^9.6.47",
        "atob": "^2.1.2",
        "blakejs": "^1.1.0",
        "btoa": "^1.2.1",
        "buffer": "^5.2.1",
        "core-js": "^2.6.5",
        "detect-node": "^2.0.4",
        "global-request-logger": "git+https://github.com/niutski/global-request-logger.git#8adfeef50a364f6cfaef1cedb018dac07f97d077",
        "hoek": "^5.0.4",
        "https-proxy-agent": "^2.2.1",
        "lodash": "^4.17.11",
        "long": "^4.0.0",
        "ripemd160": "^2.0.2",
        "tweetnacl": "^1.0.1",
        "unfetch": "^3.1.2",
        "xmlhttprequest": "git+https://github.com/driverdan/node-XMLHttpRequest.git#97966e4ca1c9f2cc5574d8775cbdacebfec75455"
      }
    },
    "tweetnacl": {
      "version": "1.0.1",
      "resolved": "https://registry.npmjs.org/tweetnacl/-/tweetnacl-1.0.1.tgz",
      "integrity": "sha512-kcoMoKTPYnoeS50tzoqjPY3Uv9axeuuFAZY9M/9zFnhoVvRfxz9K29IMPD7jGmt2c8SW7i3gT9WqDl2+nV7p4A=="
    },
    "unfetch": {
      "version": "3.1.2",
      "resolved": "https://registry.npmjs.org/unfetch/-/unfetch-3.1.2.tgz",
      "integrity": "sha512-L0qrK7ZeAudGiKYw6nzFjnJ2D5WHblUBwmHIqtPS6oKUd+Hcpk7/hKsSmcHsTlpd1TbTNsiRBUKRq3bHLNIqIw=="
    },
    "xmlhttprequest": {
      "version": "git+https://github.com/driverdan/node-XMLHttpRequest.git#97966e4ca1c9f2cc5574d8775cbdacebfec75455",
      "from": "git+https://github.com/driverdan/node-XMLHttpRequest.git#97966e4ca1c9f2cc5574d8775cbdacebfec75455"
    }
  }
}
